// !$*UTF8*$!
{
	archiveVersion = 1;
	classes = {
	};
	objectVersion = 46;
	objects = {

/* Begin PBXBuildFile section */
		7F1EE30C1D62BCAF0010AAD2 /* OpenGLES.framework in Frameworks */ = {isa = PBXBuildFile; fileRef = 7F1EE30B1D62BCAF0010AAD2 /* OpenGLES.framework */; };
		7F1EE30E1D62BCBA0010AAD2 /* GLKit.framework in Frameworks */ = {isa = PBXBuildFile; fileRef = 7F1EE30D1D62BCBA0010AAD2 /* GLKit.framework */; };
		7F1EE3101D62BCBF0010AAD2 /* UIKit.framework in Frameworks */ = {isa = PBXBuildFile; fileRef = 7F1EE30F1D62BCBF0010AAD2 /* UIKit.framework */; };
		7F1EE3121D62BCCA0010AAD2 /* QuartzCore.framework in Frameworks */ = {isa = PBXBuildFile; fileRef = 7F1EE3111D62BCCA0010AAD2 /* QuartzCore.framework */; };
		7F1EE3141D62BCD60010AAD2 /* Foundation.framework in Frameworks */ = {isa = PBXBuildFile; fileRef = 7F1EE3131D62BCD60010AAD2 /* Foundation.framework */; };
		7F1EE31E1D62E6830010AAD2 /* glViewController.m in Sources */ = {isa = PBXBuildFile; fileRef = 7F1EE31D1D62E6830010AAD2 /* glViewController.m */; };
		7FEEF53E1D61DE6D00924E1F /* main.m in Sources */ = {isa = PBXBuildFile; fileRef = 7FEEF53D1D61DE6D00924E1F /* main.m */; };
		7FEEF5411D61DE6D00924E1F /* AppDelegate.m in Sources */ = {isa = PBXBuildFile; fileRef = 7FEEF5401D61DE6D00924E1F /* AppDelegate.m */; };
		7FEEF5471D61DE6D00924E1F /* Main.storyboard in Resources */ = {isa = PBXBuildFile; fileRef = 7FEEF5451D61DE6D00924E1F /* Main.storyboard */; };
		7FEEF54A1D61DE6D00924E1F /* deleteLater__openGLES.xcdatamodeld in Sources */ = {isa = PBXBuildFile; fileRef = 7FEEF5481D61DE6D00924E1F /* deleteLater__openGLES.xcdatamodeld */; };
		7FEEF54C1D61DE6D00924E1F /* Assets.xcassets in Resources */ = {isa = PBXBuildFile; fileRef = 7FEEF54B1D61DE6D00924E1F /* Assets.xcassets */; };
		7FEEF54F1D61DE6D00924E1F /* LaunchScreen.storyboard in Resources */ = {isa = PBXBuildFile; fileRef = 7FEEF54D1D61DE6D00924E1F /* LaunchScreen.storyboard */; };
		7FEEF55A1D61DE6D00924E1F /* deleteLater__openGLESTests.m in Sources */ = {isa = PBXBuildFile; fileRef = 7FEEF5591D61DE6D00924E1F /* deleteLater__openGLESTests.m */; };
		7FEEF5651D61DE6D00924E1F /* deleteLater__openGLESUITests.m in Sources */ = {isa = PBXBuildFile; fileRef = 7FEEF5641D61DE6D00924E1F /* deleteLater__openGLESUITests.m */; };
		7FEEF5751D61DEB900924E1F /* vertex.vsh in Resources */ = {isa = PBXBuildFile; fileRef = 7FEEF5741D61DEB900924E1F /* vertex.vsh */; };
		7FEEF5771D61DECD00924E1F /* fragment.fsh in Resources */ = {isa = PBXBuildFile; fileRef = 7FEEF5761D61DECD00924E1F /* fragment.fsh */; };
		7FEEF57B1D61DFF100924E1F /* AGLKVertexAttribArrayBuffer.m in Sources */ = {isa = PBXBuildFile; fileRef = 7FEEF57A1D61DFF100924E1F /* AGLKVertexAttribArrayBuffer.m */; };
/* End PBXBuildFile section */

/* Begin PBXContainerItemProxy section */
		7FEEF5561D61DE6D00924E1F /* PBXContainerItemProxy */ = {
			isa = PBXContainerItemProxy;
			containerPortal = 7FEEF5311D61DE6D00924E1F /* Project object */;
			proxyType = 1;
			remoteGlobalIDString = 7FEEF5381D61DE6D00924E1F;
			remoteInfo = "deleteLater——openGLES";
		};
		7FEEF5611D61DE6D00924E1F /* PBXContainerItemProxy */ = {
			isa = PBXContainerItemProxy;
			containerPortal = 7FEEF5311D61DE6D00924E1F /* Project object */;
			proxyType = 1;
			remoteGlobalIDString = 7FEEF5381D61DE6D00924E1F;
			remoteInfo = "deleteLater——openGLES";
		};
/* End PBXContainerItemProxy section */

/* Begin PBXFileReference section */
		7F1EE30B1D62BCAF0010AAD2 /* OpenGLES.framework */ = {isa = PBXFileReference; lastKnownFileType = wrapper.framework; name = OpenGLES.framework; path = System/Library/Frameworks/OpenGLES.framework; sourceTree = SDKROOT; };
		7F1EE30D1D62BCBA0010AAD2 /* GLKit.framework */ = {isa = PBXFileReference; lastKnownFileType = wrapper.framework; name = GLKit.framework; path = System/Library/Frameworks/GLKit.framework; sourceTree = SDKROOT; };
		7F1EE30F1D62BCBF0010AAD2 /* UIKit.framework */ = {isa = PBXFileReference; lastKnownFileType = wrapper.framework; name = UIKit.framework; path = System/Library/Frameworks/UIKit.framework; sourceTree = SDKROOT; };
		7F1EE3111D62BCCA0010AAD2 /* QuartzCore.framework */ = {isa = PBXFileReference; lastKnownFileType = wrapper.framework; name = QuartzCore.framework; path = System/Library/Frameworks/QuartzCore.framework; sourceTree = SDKROOT; };
		7F1EE3131D62BCD60010AAD2 /* Foundation.framework */ = {isa = PBXFileReference; lastKnownFileType = wrapper.framework; name = Foundation.framework; path = System/Library/Frameworks/Foundation.framework; sourceTree = SDKROOT; };
		7F1EE31C1D62E6830010AAD2 /* glViewController.h */ = {isa = PBXFileReference; fileEncoding = 4; lastKnownFileType = sourcecode.c.h; path = glViewController.h; sourceTree = "<group>"; };
		7F1EE31D1D62E6830010AAD2 /* glViewController.m */ = {isa = PBXFileReference; fileEncoding = 4; lastKnownFileType = sourcecode.c.objc; path = glViewController.m; sourceTree = "<group>"; };
		7FEEF5391D61DE6D00924E1F /* deleteLater——openGLES.app */ = {isa = PBXFileReference; explicitFileType = wrapper.application; includeInIndex = 0; path = "deleteLater——openGLES.app"; sourceTree = BUILT_PRODUCTS_DIR; };
		7FEEF53D1D61DE6D00924E1F /* main.m */ = {isa = PBXFileReference; lastKnownFileType = sourcecode.c.objc; path = main.m; sourceTree = "<group>"; };
		7FEEF53F1D61DE6D00924E1F /* AppDelegate.h */ = {isa = PBXFileReference; lastKnownFileType = sourcecode.c.h; path = AppDelegate.h; sourceTree = "<group>"; };
		7FEEF5401D61DE6D00924E1F /* AppDelegate.m */ = {isa = PBXFileReference; lastKnownFileType = sourcecode.c.objc; path = AppDelegate.m; sourceTree = "<group>"; };
		7FEEF5461D61DE6D00924E1F /* Base */ = {isa = PBXFileReference; lastKnownFileType = file.storyboard; name = Base; path = Base.lproj/Main.storyboard; sourceTree = "<group>"; };
		7FEEF5491D61DE6D00924E1F /* deleteLater__openGLES.xcdatamodel */ = {isa = PBXFileReference; lastKnownFileType = wrapper.xcdatamodel; path = deleteLater__openGLES.xcdatamodel; sourceTree = "<group>"; };
		7FEEF54B1D61DE6D00924E1F /* Assets.xcassets */ = {isa = PBXFileReference; lastKnownFileType = folder.assetcatalog; path = Assets.xcassets; sourceTree = "<group>"; };
		7FEEF54E1D61DE6D00924E1F /* Base */ = {isa = PBXFileReference; lastKnownFileType = file.storyboard; name = Base; path = Base.lproj/LaunchScreen.storyboard; sourceTree = "<group>"; };
		7FEEF5501D61DE6D00924E1F /* Info.plist */ = {isa = PBXFileReference; lastKnownFileType = text.plist.xml; path = Info.plist; sourceTree = "<group>"; };
		7FEEF5551D61DE6D00924E1F /* deleteLater——openGLESTests.xctest */ = {isa = PBXFileReference; explicitFileType = wrapper.cfbundle; includeInIndex = 0; path = "deleteLater——openGLESTests.xctest"; sourceTree = BUILT_PRODUCTS_DIR; };
		7FEEF5591D61DE6D00924E1F /* deleteLater__openGLESTests.m */ = {isa = PBXFileReference; lastKnownFileType = sourcecode.c.objc; path = deleteLater__openGLESTests.m; sourceTree = "<group>"; };
		7FEEF55B1D61DE6D00924E1F /* Info.plist */ = {isa = PBXFileReference; lastKnownFileType = text.plist.xml; path = Info.plist; sourceTree = "<group>"; };
		7FEEF5601D61DE6D00924E1F /* deleteLater——openGLESUITests.xctest */ = {isa = PBXFileReference; explicitFileType = wrapper.cfbundle; includeInIndex = 0; path = "deleteLater——openGLESUITests.xctest"; sourceTree = BUILT_PRODUCTS_DIR; };
		7FEEF5641D61DE6D00924E1F /* deleteLater__openGLESUITests.m */ = {isa = PBXFileReference; lastKnownFileType = sourcecode.c.objc; path = deleteLater__openGLESUITests.m; sourceTree = "<group>"; };
		7FEEF5661D61DE6D00924E1F /* Info.plist */ = {isa = PBXFileReference; lastKnownFileType = text.plist.xml; path = Info.plist; sourceTree = "<group>"; };
		7FEEF5741D61DEB900924E1F /* vertex.vsh */ = {isa = PBXFileReference; fileEncoding = 4; lastKnownFileType = sourcecode.glsl; path = vertex.vsh; sourceTree = "<group>"; };
		7FEEF5761D61DECD00924E1F /* fragment.fsh */ = {isa = PBXFileReference; fileEncoding = 4; lastKnownFileType = sourcecode.glsl; path = fragment.fsh; sourceTree = "<group>"; };
		7FEEF5791D61DFF100924E1F /* AGLKVertexAttribArrayBuffer.h */ = {isa = PBXFileReference; fileEncoding = 4; lastKnownFileType = sourcecode.c.h; path = AGLKVertexAttribArrayBuffer.h; sourceTree = "<group>"; };
		7FEEF57A1D61DFF100924E1F /* AGLKVertexAttribArrayBuffer.m */ = {isa = PBXFileReference; fileEncoding = 4; lastKnownFileType = sourcecode.c.objc; path = AGLKVertexAttribArrayBuffer.m; sourceTree = "<group>"; };
/* End PBXFileReference section */

/* Begin PBXFrameworksBuildPhase section */
		7FEEF5361D61DE6D00924E1F /* Frameworks */ = {
			isa = PBXFrameworksBuildPhase;
			buildActionMask = 2147483647;
			files = (
				7F1EE3141D62BCD60010AAD2 /* Foundation.framework in Frameworks */,
				7F1EE3121D62BCCA0010AAD2 /* QuartzCore.framework in Frameworks */,
				7F1EE3101D62BCBF0010AAD2 /* UIKit.framework in Frameworks */,
				7F1EE30E1D62BCBA0010AAD2 /* GLKit.framework in Frameworks */,
				7F1EE30C1D62BCAF0010AAD2 /* OpenGLES.framework in Frameworks */,
			);
			runOnlyForDeploymentPostprocessing = 0;
		};
		7FEEF5521D61DE6D00924E1F /* Frameworks */ = {
			isa = PBXFrameworksBuildPhase;
			buildActionMask = 2147483647;
			files = (
			);
			runOnlyForDeploymentPostprocessing = 0;
		};
		7FEEF55D1D61DE6D00924E1F /* Frameworks */ = {
			isa = PBXFrameworksBuildPhase;
			buildActionMask = 2147483647;
			files = (
			);
			runOnlyForDeploymentPostprocessing = 0;
		};
/* End PBXFrameworksBuildPhase section */

/* Begin PBXGroup section */
		7F1EE30A1D62BCAF0010AAD2 /* Frameworks */ = {
			isa = PBXGroup;
			children = (
				7F1EE3131D62BCD60010AAD2 /* Foundation.framework */,
				7F1EE3111D62BCCA0010AAD2 /* QuartzCore.framework */,
				7F1EE30F1D62BCBF0010AAD2 /* UIKit.framework */,
				7F1EE30D1D62BCBA0010AAD2 /* GLKit.framework */,
				7F1EE30B1D62BCAF0010AAD2 /* OpenGLES.framework */,
			);
			name = Frameworks;
			sourceTree = "<group>";
		};
		7FEEF5301D61DE6D00924E1F = {
			isa = PBXGroup;
			children = (
				7FEEF53B1D61DE6D00924E1F /* deleteLater——openGLES */,
				7FEEF5581D61DE6D00924E1F /* deleteLater——openGLESTests */,
				7FEEF5631D61DE6D00924E1F /* deleteLater——openGLESUITests */,
				7FEEF53A1D61DE6D00924E1F /* Products */,
				7F1EE30A1D62BCAF0010AAD2 /* Frameworks */,
			);
			sourceTree = "<group>";
		};
		7FEEF53A1D61DE6D00924E1F /* Products */ = {
			isa = PBXGroup;
			children = (
				7FEEF5391D61DE6D00924E1F /* deleteLater——openGLES.app */,
				7FEEF5551D61DE6D00924E1F /* deleteLater——openGLESTests.xctest */,
				7FEEF5601D61DE6D00924E1F /* deleteLater——openGLESUITests.xctest */,
			);
			name = Products;
			sourceTree = "<group>";
		};
		7FEEF53B1D61DE6D00924E1F /* deleteLater——openGLES */ = {
			isa = PBXGroup;
			children = (
				7FEEF5781D61DFD400924E1F /* buffer */,
				7FEEF5731D61DE9600924E1F /* shader */,
				7FEEF5721D61DE7C00924E1F /* vc */,
				7FEEF53C1D61DE6D00924E1F /* Supporting Files */,
			);
			path = "deleteLater——openGLES";
			sourceTree = "<group>";
		};
		7FEEF53C1D61DE6D00924E1F /* Supporting Files */ = {
			isa = PBXGroup;
			children = (
				7FEEF53F1D61DE6D00924E1F /* AppDelegate.h */,
				7FEEF5401D61DE6D00924E1F /* AppDelegate.m */,
				7FEEF5451D61DE6D00924E1F /* Main.storyboard */,
				7FEEF54B1D61DE6D00924E1F /* Assets.xcassets */,
				7FEEF54D1D61DE6D00924E1F /* LaunchScreen.storyboard */,
				7FEEF5501D61DE6D00924E1F /* Info.plist */,
				7FEEF5481D61DE6D00924E1F /* deleteLater__openGLES.xcdatamodeld */,
				7FEEF53D1D61DE6D00924E1F /* main.m */,
			);
			name = "Supporting Files";
			sourceTree = "<group>";
		};
		7FEEF5581D61DE6D00924E1F /* deleteLater——openGLESTests */ = {
			isa = PBXGroup;
			children = (
				7FEEF5591D61DE6D00924E1F /* deleteLater__openGLESTests.m */,
				7FEEF55B1D61DE6D00924E1F /* Info.plist */,
			);
			path = "deleteLater——openGLESTests";
			sourceTree = "<group>";
		};
		7FEEF5631D61DE6D00924E1F /* deleteLater——openGLESUITests */ = {
			isa = PBXGroup;
			children = (
				7FEEF5641D61DE6D00924E1F /* deleteLater__openGLESUITests.m */,
				7FEEF5661D61DE6D00924E1F /* Info.plist */,
			);
			path = "deleteLater——openGLESUITests";
			sourceTree = "<group>";
		};
		7FEEF5721D61DE7C00924E1F /* vc */ = {
			isa = PBXGroup;
			children = (
				7F1EE31C1D62E6830010AAD2 /* glViewController.h */,
				7F1EE31D1D62E6830010AAD2 /* glViewController.m */,
			);
			name = vc;
			sourceTree = "<group>";
		};
		7FEEF5731D61DE9600924E1F /* shader */ = {
			isa = PBXGroup;
			children = (
				7FEEF5741D61DEB900924E1F /* vertex.vsh */,
				7FEEF5761D61DECD00924E1F /* fragment.fsh */,
			);
			name = shader;
			sourceTree = "<group>";
		};
		7FEEF5781D61DFD400924E1F /* buffer */ = {
			isa = PBXGroup;
			children = (
				7FEEF5791D61DFF100924E1F /* AGLKVertexAttribArrayBuffer.h */,
				7FEEF57A1D61DFF100924E1F /* AGLKVertexAttribArrayBuffer.m */,
			);
			name = buffer;
			sourceTree = "<group>";
		};
/* End PBXGroup section */

/* Begin PBXNativeTarget section */
		7FEEF5381D61DE6D00924E1F /* deleteLater——openGLES */ = {
			isa = PBXNativeTarget;
			buildConfigurationList = 7FEEF5691D61DE6D00924E1F /* Build configuration list for PBXNativeTarget "deleteLater——openGLES" */;
			buildPhases = (
				7FEEF5351D61DE6D00924E1F /* Sources */,
				7FEEF5361D61DE6D00924E1F /* Frameworks */,
				7FEEF5371D61DE6D00924E1F /* Resources */,
			);
			buildRules = (
			);
			dependencies = (
			);
			name = "deleteLater——openGLES";
			productName = "deleteLater——openGLES";
			productReference = 7FEEF5391D61DE6D00924E1F /* deleteLater——openGLES.app */;
			productType = "com.apple.product-type.application";
		};
		7FEEF5541D61DE6D00924E1F /* deleteLater——openGLESTests */ = {
			isa = PBXNativeTarget;
			buildConfigurationList = 7FEEF56C1D61DE6D00924E1F /* Build configuration list for PBXNativeTarget "deleteLater——openGLESTests" */;
			buildPhases = (
				7FEEF5511D61DE6D00924E1F /* Sources */,
				7FEEF5521D61DE6D00924E1F /* Frameworks */,
				7FEEF5531D61DE6D00924E1F /* Resources */,
			);
			buildRules = (
			);
			dependencies = (
				7FEEF5571D61DE6D00924E1F /* PBXTargetDependency */,
			);
			name = "deleteLater——openGLESTests";
			productName = "deleteLater——openGLESTests";
			productReference = 7FEEF5551D61DE6D00924E1F /* deleteLater——openGLESTests.xctest */;
			productType = "com.apple.product-type.bundle.unit-test";
		};
		7FEEF55F1D61DE6D00924E1F /* deleteLater——openGLESUITests */ = {
			isa = PBXNativeTarget;
			buildConfigurationList = 7FEEF56F1D61DE6D00924E1F /* Build configuration list for PBXNativeTarget "deleteLater——openGLESUITests" */;
			buildPhases = (
				7FEEF55C1D61DE6D00924E1F /* Sources */,
				7FEEF55D1D61DE6D00924E1F /* Frameworks */,
				7FEEF55E1D61DE6D00924E1F /* Resources */,
			);
			buildRules = (
			);
			dependencies = (
				7FEEF5621D61DE6D00924E1F /* PBXTargetDependency */,
			);
			name = "deleteLater——openGLESUITests";
			productName = "deleteLater——openGLESUITests";
			productReference = 7FEEF5601D61DE6D00924E1F /* deleteLater——openGLESUITests.xctest */;
			productType = "com.apple.product-type.bundle.ui-testing";
		};
/* End PBXNativeTarget section */

/* Begin PBXProject section */
		7FEEF5311D61DE6D00924E1F /* Project object */ = {
			isa = PBXProject;
			attributes = {
				LastUpgradeCheck = 0800;
				ORGANIZATIONNAME = "黄博闻";
				TargetAttributes = {
					7FEEF5381D61DE6D00924E1F = {
						CreatedOnToolsVersion = 8.0;
						ProvisioningStyle = Automatic;
					};
					7FEEF5541D61DE6D00924E1F = {
						CreatedOnToolsVersion = 8.0;
						ProvisioningStyle = Automatic;
						TestTargetID = 7FEEF5381D61DE6D00924E1F;
					};
					7FEEF55F1D61DE6D00924E1F = {
						CreatedOnToolsVersion = 8.0;
						ProvisioningStyle = Automatic;
						TestTargetID = 7FEEF5381D61DE6D00924E1F;
					};
				};
			};
			buildConfigurationList = 7FEEF5341D61DE6D00924E1F /* Build configuration list for PBXProject "deleteLater——openGLES" */;
			compatibilityVersion = "Xcode 3.2";
			developmentRegion = English;
			hasScannedForEncodings = 0;
			knownRegions = (
				en,
				Base,
			);
			mainGroup = 7FEEF5301D61DE6D00924E1F;
			productRefGroup = 7FEEF53A1D61DE6D00924E1F /* Products */;
			projectDirPath = "";
			projectRoot = "";
			targets = (
				7FEEF5381D61DE6D00924E1F /* deleteLater——openGLES */,
				7FEEF5541D61DE6D00924E1F /* deleteLater——openGLESTests */,
				7FEEF55F1D61DE6D00924E1F /* deleteLater——openGLESUITests */,
			);
		};
/* End PBXProject section */

/* Begin PBXResourcesBuildPhase section */
		7FEEF5371D61DE6D00924E1F /* Resources */ = {
			isa = PBXResourcesBuildPhase;
			buildActionMask = 2147483647;
			files = (
				7FEEF54F1D61DE6D00924E1F /* LaunchScreen.storyboard in Resources */,
				7FEEF54C1D61DE6D00924E1F /* Assets.xcassets in Resources */,
				7FEEF5471D61DE6D00924E1F /* Main.storyboard in Resources */,
				7FEEF5771D61DECD00924E1F /* fragment.fsh in Resources */,
				7FEEF5751D61DEB900924E1F /* vertex.vsh in Resources */,
			);
			runOnlyForDeploymentPostprocessing = 0;
		};
		7FEEF5531D61DE6D00924E1F /* Resources */ = {
			isa = PBXResourcesBuildPhase;
			buildActionMask = 2147483647;
			files = (
			);
			runOnlyForDeploymentPostprocessing = 0;
		};
		7FEEF55E1D61DE6D00924E1F /* Resources */ = {
			isa = PBXResourcesBuildPhase;
			buildActionMask = 2147483647;
			files = (
			);
			runOnlyForDeploymentPostprocessing = 0;
		};
/* End PBXResourcesBuildPhase section */

/* Begin PBXSourcesBuildPhase section */
		7FEEF5351D61DE6D00924E1F /* Sources */ = {
			isa = PBXSourcesBuildPhase;
			buildActionMask = 2147483647;
			files = (
				7FEEF54A1D61DE6D00924E1F /* deleteLater__openGLES.xcdatamodeld in Sources */,
				7FEEF57B1D61DFF100924E1F /* AGLKVertexAttribArrayBuffer.m in Sources */,
				7F1EE31E1D62E6830010AAD2 /* glViewController.m in Sources */,
				7FEEF5411D61DE6D00924E1F /* AppDelegate.m in Sources */,
				7FEEF53E1D61DE6D00924E1F /* main.m in Sources */,
			);
			runOnlyForDeploymentPostprocessing = 0;
		};
		7FEEF5511D61DE6D00924E1F /* Sources */ = {
			isa = PBXSourcesBuildPhase;
			buildActionMask = 2147483647;
			files = (
				7FEEF55A1D61DE6D00924E1F /* deleteLater__openGLESTests.m in Sources */,
			);
			runOnlyForDeploymentPostprocessing = 0;
		};
		7FEEF55C1D61DE6D00924E1F /* Sources */ = {
			isa = PBXSourcesBuildPhase;
			buildActionMask = 2147483647;
			files = (
				7FEEF5651D61DE6D00924E1F /* deleteLater__openGLESUITests.m in Sources */,
			);
			runOnlyForDeploymentPostprocessing = 0;
		};
/* End PBXSourcesBuildPhase section */

/* Begin PBXTargetDependency section */
		7FEEF5571D61DE6D00924E1F /* PBXTargetDependency */ = {
			isa = PBXTargetDependency;
			target = 7FEEF5381D61DE6D00924E1F /* deleteLater——openGLES */;
			targetProxy = 7FEEF5561D61DE6D00924E1F /* PBXContainerItemProxy */;
		};
		7FEEF5621D61DE6D00924E1F /* PBXTargetDependency */ = {
			isa = PBXTargetDependency;
			target = 7FEEF5381D61DE6D00924E1F /* deleteLater——openGLES */;
			targetProxy = 7FEEF5611D61DE6D00924E1F /* PBXContainerItemProxy */;
		};
/* End PBXTargetDependency section */

/* Begin PBXVariantGroup section */
		7FEEF5451D61DE6D00924E1F /* Main.storyboard */ = {
			isa = PBXVariantGroup;
			children = (
				7FEEF5461D61DE6D00924E1F /* Base */,
			);
			name = Main.storyboard;
			sourceTree = "<group>";
		};
		7FEEF54D1D61DE6D00924E1F /* LaunchScreen.storyboard */ = {
			isa = PBXVariantGroup;
			children = (
				7FEEF54E1D61DE6D00924E1F /* Base */,
			);
			name = LaunchScreen.storyboard;
			sourceTree = "<group>";
		};
/* End PBXVariantGroup section */

/* Begin XCBuildConfiguration section */
		7FEEF5671D61DE6D00924E1F /* Debug */ = {
			isa = XCBuildConfiguration;
			buildSettings = {
				ALWAYS_SEARCH_USER_PATHS = NO;
				CLANG_ANALYZER_NONNULL = YES;
				CLANG_CXX_LANGUAGE_STANDARD = "gnu++0x";
				CLANG_CXX_LIBRARY = "libc++";
				CLANG_ENABLE_MODULES = YES;
				CLANG_ENABLE_OBJC_ARC = YES;
				CLANG_WARN_BOOL_CONVERSION = YES;
				CLANG_WARN_CONSTANT_CONVERSION = YES;
				CLANG_WARN_DIRECT_OBJC_ISA_USAGE = YES_ERROR;
				CLANG_WARN_DOCUMENTATION_COMMENTS = YES;
				CLANG_WARN_EMPTY_BODY = YES;
				CLANG_WARN_ENUM_CONVERSION = YES;
				CLANG_WARN_INT_CONVERSION = YES;
				CLANG_WARN_OBJC_ROOT_CLASS = YES_ERROR;
				CLANG_WARN_UNREACHABLE_CODE = YES;
				CLANG_WARN__DUPLICATE_METHOD_MATCH = YES;
				"CODE_SIGN_IDENTITY[sdk=iphoneos*]" = "iPhone Developer";
				COPY_PHASE_STRIP = NO;
				DEBUG_INFORMATION_FORMAT = dwarf;
				ENABLE_STRICT_OBJC_MSGSEND = YES;
				ENABLE_TESTABILITY = YES;
				GCC_C_LANGUAGE_STANDARD = gnu99;
				GCC_DYNAMIC_NO_PIC = NO;
				GCC_NO_COMMON_BLOCKS = YES;
				GCC_OPTIMIZATION_LEVEL = 0;
				GCC_PREPROCESSOR_DEFINITIONS = (
					"DEBUG=1",
					"$(inherited)",
				);
				GCC_WARN_64_TO_32_BIT_CONVERSION = YES;
				GCC_WARN_ABOUT_RETURN_TYPE = YES_ERROR;
				GCC_WARN_UNDECLARED_SELECTOR = YES;
				GCC_WARN_UNINITIALIZED_AUTOS = YES_AGGRESSIVE;
				GCC_WARN_UNUSED_FUNCTION = YES;
				GCC_WARN_UNUSED_VARIABLE = YES;
				IPHONEOS_DEPLOYMENT_TARGET = 10.0;
				MTL_ENABLE_DEBUG_INFO = YES;
				ONLY_ACTIVE_ARCH = YES;
				SDKROOT = iphoneos;
			};
			name = Debug;
		};
		7FEEF5681D61DE6D00924E1F /* Release */ = {
			isa = XCBuildConfiguration;
			buildSettings = {
				ALWAYS_SEARCH_USER_PATHS = NO;
				CLANG_ANALYZER_NONNULL = YES;
				CLANG_CXX_LANGUAGE_STANDARD = "gnu++0x";
				CLANG_CXX_LIBRARY = "libc++";
				CLANG_ENABLE_MODULES = YES;
				CLANG_ENABLE_OBJC_ARC = YES;
				CLANG_WARN_BOOL_CONVERSION = YES;
				CLANG_WARN_CONSTANT_CONVERSION = YES;
				CLANG_WARN_DIRECT_OBJC_ISA_USAGE = YES_ERROR;
				CLANG_WARN_DOCUMENTATION_COMMENTS = YES;
				CLANG_WARN_EMPTY_BODY = YES;
				CLANG_WARN_ENUM_CONVERSION = YES;
				CLANG_WARN_INT_CONVERSION = YES;
				CLANG_WARN_OBJC_ROOT_CLASS = YES_ERROR;
				CLANG_WARN_UNREACHABLE_CODE = YES;
				CLANG_WARN__DUPLICATE_METHOD_MATCH = YES;
				"CODE_SIGN_IDENTITY[sdk=iphoneos*]" = "iPhone Developer";
				COPY_PHASE_STRIP = NO;
				DEBUG_INFORMATION_FORMAT = "dwarf-with-dsym";
				ENABLE_NS_ASSERTIONS = NO;
				ENABLE_STRICT_OBJC_MSGSEND = YES;
				GCC_C_LANGUAGE_STANDARD = gnu99;
				GCC_NO_COMMON_BLOCKS = YES;
				GCC_WARN_64_TO_32_BIT_CONVERSION = YES;
				GCC_WARN_ABOUT_RETURN_TYPE = YES_ERROR;
				GCC_WARN_UNDECLARED_SELECTOR = YES;
				GCC_WARN_UNINITIALIZED_AUTOS = YES_AGGRESSIVE;
				GCC_WARN_UNUSED_FUNCTION = YES;
				GCC_WARN_UNUSED_VARIABLE = YES;
				IPHONEOS_DEPLOYMENT_TARGET = 10.0;
				MTL_ENABLE_DEBUG_INFO = NO;
				SDKROOT = iphoneos;
				VALIDATE_PRODUCT = YES;
			};
			name = Release;
		};
		7FEEF56A1D61DE6D00924E1F /* Debug */ = {
			isa = XCBuildConfiguration;
			buildSettings = {
				ASSETCATALOG_COMPILER_APPICON_NAME = AppIcon;
				INFOPLIST_FILE = "deleteLater——openGLES/Info.plist";
				LD_RUNPATH_SEARCH_PATHS = "$(inherited) @executable_path/Frameworks";
				PRODUCT_BUNDLE_IDENTIFIER = "com.hbw.deleteLater--openGLES";
				PRODUCT_NAME = "$(TARGET_NAME)";
			};
			name = Debug;
		};
		7FEEF56B1D61DE6D00924E1F /* Release */ = {
			isa = XCBuildConfiguration;
			buildSettings = {
				ASSETCATALOG_COMPILER_APPICON_NAME = AppIcon;
				INFOPLIST_FILE = "deleteLater——openGLES/Info.plist";
				LD_RUNPATH_SEARCH_PATHS = "$(inherited) @executable_path/Frameworks";
				PRODUCT_BUNDLE_IDENTIFIER = "com.hbw.deleteLater--openGLES";
				PRODUCT_NAME = "$(TARGET_NAME)";
			};
			name = Release;
		};
		7FEEF56D1D61DE6D00924E1F /* Debug */ = {
			isa = XCBuildConfiguration;
			buildSettings = {
				BUNDLE_LOADER = "$(TEST_HOST)";
				INFOPLIST_FILE = "deleteLater——openGLESTests/Info.plist";
				LD_RUNPATH_SEARCH_PATHS = "$(inherited) @executable_path/Frameworks @loader_path/Frameworks";
				PRODUCT_BUNDLE_IDENTIFIER = "com.hbw.deleteLater--openGLESTests";
				PRODUCT_NAME = "$(TARGET_NAME)";
				TEST_HOST = "$(BUILT_PRODUCTS_DIR)/deleteLater——openGLES.app/deleteLater——openGLES";
			};
			name = Debug;
		};
		7FEEF56E1D61DE6D00924E1F /* Release */ = {
			isa = XCBuildConfiguration;
			buildSettings = {
				BUNDLE_LOADER = "$(TEST_HOST)";
				INFOPLIST_FILE = "deleteLater——openGLESTests/Info.plist";
				LD_RUNPATH_SEARCH_PATHS = "$(inherited) @executable_path/Frameworks @loader_path/Frameworks";
				PRODUCT_BUNDLE_IDENTIFIER = "com.hbw.deleteLater--openGLESTests";
				PRODUCT_NAME = "$(TARGET_NAME)";
				TEST_HOST = "$(BUILT_PRODUCTS_DIR)/deleteLater——openGLES.app/deleteLater——openGLES";
			};
			name = Release;
		};
		7FEEF5701D61DE6D00924E1F /* Debug */ = {
			isa = XCBuildConfiguration;
			buildSettings = {
				INFOPLIST_FILE = "deleteLater——openGLESUITests/Info.plist";
				LD_RUNPATH_SEARCH_PATHS = "$(inherited) @executable_path/Frameworks @loader_path/Frameworks";
				PRODUCT_BUNDLE_IDENTIFIER = "com.hbw.deleteLater--openGLESUITests";
				PRODUCT_NAME = "$(TARGET_NAME)";
				TEST_TARGET_NAME = "deleteLater——openGLES";
			};
			name = Debug;
		};
		7FEEF5711D61DE6D00924E1F /* Release */ = {
			isa = XCBuildConfiguration;
			buildSettings = {
				INFOPLIST_FILE = "deleteLater——openGLESUITests/Info.plist";
				LD_RUNPATH_SEARCH_PATHS = "$(inherited) @executable_path/Frameworks @loader_path/Frameworks";
				PRODUCT_BUNDLE_IDENTIFIER = "com.hbw.deleteLater--openGLESUITests";
				PRODUCT_NAME = "$(TARGET_NAME)";
				TEST_TARGET_NAME = "deleteLater——openGLES";
			};
			name = Release;
		};
/* End XCBuildConfiguration section */

/* Begin XCConfigurationList section */
		7FEEF5341D61DE6D00924E1F /* Build configuration list for PBXProject "deleteLater——openGLES" */ = {
			isa = XCConfigurationList;
			buildConfigurations = (
				7FEEF5671D61DE6D00924E1F /* Debug */,
				7FEEF5681D61DE6D00924E1F /* Release */,
			);
			defaultConfigurationIsVisible = 0;
			defaultConfigurationName = Release;
		};
		7FEEF5691D61DE6D00924E1F /* Build configuration list for PBXNativeTarget "deleteLater——openGLES" */ = {
			isa = XCConfigurationList;
			buildConfigurations = (
				7FEEF56A1D61DE6D00924E1F /* Debug */,
				7FEEF56B1D61DE6D00924E1F /* Release */,
			);
			defaultConfigurationIsVisible = 0;
			defaultConfigurationName = Release;
		};
		7FEEF56C1D61DE6D00924E1F /* Build configuration list for PBXNativeTarget "deleteLater——openGLESTests" */ = {
			isa = XCConfigurationList;
			buildConfigurations = (
				7FEEF56D1D61DE6D00924E1F /* Debug */,
				7FEEF56E1D61DE6D00924E1F /* Release */,
			);
			defaultConfigurationIsVisible = 0;
			defaultConfigurationName = Release;
		};
		7FEEF56F1D61DE6D00924E1F /* Build configuration list for PBXNativeTarget "deleteLater——openGLESUITests" */ = {
			isa = XCConfigurationList;
			buildConfigurations = (
				7FEEF5701D61DE6D00924E1F /* Debug */,
				7FEEF5711D61DE6D00924E1F /* Release */,
			);
			defaultConfigurationIsVisible = 0;
			defaultConfigurationName = Release;
		};
/* End XCConfigurationList section */

/* Begin XCVersionGroup section */
		7FEEF5481D61DE6D00924E1F /* deleteLater__openGLES.xcdatamodeld */ = {
			isa = XCVersionGroup;
			children = (
				7FEEF5491D61DE6D00924E1F /* deleteLater__openGLES.xcdatamodel */,
			);
			currentVersion = 7FEEF5491D61DE6D00924E1F /* deleteLater__openGLES.xcdatamodel */;
			path = deleteLater__openGLES.xcdatamodeld;
			sourceTree = "<group>";
			versionGroupType = wrapper.xcdatamodel;
		};
/* End XCVersionGroup section */
	};
	rootObject = 7FEEF5311D61DE6D00924E1F /* Project object */;
}
